{
  "pins" : [
    {
      "identity" : "dnaspacessdk-ios",
      "kind" : "remoteSourceControl",
      "location" : "https://github.com/CiscoDevNet/DNASpacesSDK-IOS/",
      "state" : {
        "revision" : "d28f153357606b2674779157f5c969d6efa4f78b",
        "version" : "1.1.9"
      }
    }
  ],
  "version" : 2
}
