{
  "object": {
    "pins": [
      {
        "package": "OpenRoaming",
        "repositoryURL": "https://github.com/CiscoDevNet/DNASpacesSDK-IOS.git",
        "state": {
          "branch": null,
          "revision": "11630b8f7dd9d39fe117a985b446bf60570ac803",
          "version": "1.0.9"
        }
      }
    ]
  },
  "version": 1
}
